{
  "version": 4,
  "terraform_version": "0.13.4",
  "serial": 311,
  "lineage": "95f29aef-c7a0-436b-937b-dd8c7645c34a",
  "outputs": {},
  "resources": [
    {
      "mode": "managed",
      "type": "aws_api_gateway_account",
      "name": "demo",
      "provider": "provider[\"registry.terraform.io/hashicorp/aws\"]",
      "instances": [
        {
          "schema_version": 0,
          "attributes": {
            "cloudwatch_role_arn": "arn:aws:iam::317127958808:role/api_gateway_cloudwatch_global",
            "id": "api-gateway-account",
            "throttle_settings": [
              {
                "burst_limit": 5000,
                "rate_limit": 10000
              }
            ]
          },
          "private": "bnVsbA==",
          "dependencies": [
            "aws_iam_role.cloudwatch"
          ]
        }
      ]
    },
    {
      "mode": "managed",
      "type": "aws_api_gateway_deployment",
      "name": "test",
      "provider": "provider[\"registry.terraform.io/hashicorp/aws\"]",
      "instances": [
        {
          "schema_version": 0,
          "attributes": {
            "created_date": "2020-11-01T11:07:40Z",
            "description": "",
            "execution_arn": "arn:aws:execute-api:us-east-2:317127958808:8r0lke7wll/dev",
            "id": "w268yw",
            "invoke_url": "https://8r0lke7wll.execute-api.us-east-2.amazonaws.com/dev",
            "rest_api_id": "8r0lke7wll",
            "stage_description": null,
            "stage_name": "dev",
            "triggers": null,
            "variables": null
          },
          "private": "bnVsbA==",
          "dependencies": [
            "aws_api_gateway_integration.test",
            "aws_api_gateway_method.test",
            "aws_api_gateway_resource.test",
            "aws_api_gateway_rest_api.test",
            "aws_lambda_function.flowMapper"
          ]
        }
      ]
    },
    {
      "mode": "managed",
      "type": "aws_api_gateway_integration",
      "name": "test",
      "provider": "provider[\"registry.terraform.io/hashicorp/aws\"]",
      "instances": [
        {
          "schema_version": 0,
          "attributes": {
            "cache_key_parameters": [],
            "cache_namespace": "fvocpm",
            "connection_id": "",
            "connection_type": "INTERNET",
            "content_handling": "",
            "credentials": "",
            "http_method": "POST",
            "id": "agi-8r0lke7wll-fvocpm-POST",
            "integration_http_method": "POST",
            "passthrough_behavior": "WHEN_NO_MATCH",
            "request_parameters": {},
            "request_templates": {},
            "resource_id": "fvocpm",
            "rest_api_id": "8r0lke7wll",
            "timeout_milliseconds": 29000,
            "type": "AWS_PROXY",
            "uri": "arn:aws:apigateway:us-east-2:lambda:path/2015-03-31/functions/arn:aws:lambda:us-east-2:317127958808:function:flowMapper/invocations"
          },
          "private": "bnVsbA==",
          "dependencies": [
            "aws_api_gateway_method.test",
            "aws_api_gateway_resource.test",
            "aws_api_gateway_rest_api.test",
            "aws_lambda_function.flowMapper"
          ]
        }
      ]
    },
    {
      "mode": "managed",
      "type": "aws_api_gateway_method",
      "name": "test",
      "provider": "provider[\"registry.terraform.io/hashicorp/aws\"]",
      "instances": [
        {
          "schema_version": 0,
          "attributes": {
            "api_key_required": false,
            "authorization": "NONE",
            "authorization_scopes": [],
            "authorizer_id": "",
            "http_method": "POST",
            "id": "agm-8r0lke7wll-fvocpm-POST",
            "request_models": {},
            "request_parameters": {},
            "request_validator_id": "",
            "resource_id": "fvocpm",
            "rest_api_id": "8r0lke7wll"
          },
          "private": "bnVsbA==",
          "dependencies": [
            "aws_api_gateway_resource.test",
            "aws_api_gateway_rest_api.test"
          ]
        }
      ]
    },
    {
      "mode": "managed",
      "type": "aws_api_gateway_method_settings",
      "name": "s",
      "provider": "provider[\"registry.terraform.io/hashicorp/aws\"]",
      "instances": [
        {
          "schema_version": 0,
          "attributes": {
            "id": "8r0lke7wll-test-flow-mapper/POST",
            "method_path": "flow-mapper/POST",
            "rest_api_id": "8r0lke7wll",
            "settings": [
              {
                "cache_data_encrypted": false,
                "cache_ttl_in_seconds": 300,
                "caching_enabled": false,
                "data_trace_enabled": true,
                "logging_level": "INFO",
                "metrics_enabled": true,
                "require_authorization_for_cache_control": true,
                "throttling_burst_limit": -1,
                "throttling_rate_limit": -1,
                "unauthorized_cache_control_header_strategy": "SUCCEED_WITH_RESPONSE_HEADER"
              }
            ],
            "stage_name": "test"
          },
          "private": "bnVsbA==",
          "dependencies": [
            "aws_api_gateway_method.test",
            "aws_api_gateway_resource.test",
            "aws_api_gateway_rest_api.test",
            "aws_api_gateway_stage.test"
          ]
        }
      ]
    },
    {
      "mode": "managed",
      "type": "aws_api_gateway_resource",
      "name": "test",
      "provider": "provider[\"registry.terraform.io/hashicorp/aws\"]",
      "instances": [
        {
          "schema_version": 0,
          "attributes": {
            "id": "fvocpm",
            "parent_id": "j1heo0uvrj",
            "path": "/flow-mapper",
            "path_part": "flow-mapper",
            "rest_api_id": "8r0lke7wll"
          },
          "private": "bnVsbA==",
          "dependencies": [
            "aws_api_gateway_rest_api.test"
          ]
        }
      ]
    },
    {
      "mode": "managed",
      "type": "aws_api_gateway_rest_api",
      "name": "test",
      "provider": "provider[\"registry.terraform.io/hashicorp/aws\"]",
      "instances": [
        {
          "schema_version": 0,
          "attributes": {
            "api_key_source": "HEADER",
            "arn": "arn:aws:apigateway:us-east-2::/restapis/8r0lke7wll",
            "binary_media_types": [],
            "body": null,
            "created_date": "2020-11-01T11:07:26Z",
            "description": "This is my API for demonstration purposes",
            "endpoint_configuration": [
              {
                "types": [
                  "REGIONAL"
                ],
                "vpc_endpoint_ids": []
              }
            ],
            "execution_arn": "arn:aws:execute-api:us-east-2:317127958808:8r0lke7wll",
            "id": "8r0lke7wll",
            "minimum_compression_size": -1,
            "name": "MyDemoAPI",
            "policy": "",
            "root_resource_id": "j1heo0uvrj",
            "tags": {}
          },
          "private": "bnVsbA=="
        }
      ]
    },
    {
      "mode": "managed",
      "type": "aws_api_gateway_stage",
      "name": "test",
      "provider": "provider[\"registry.terraform.io/hashicorp/aws\"]",
      "instances": [
        {
          "schema_version": 0,
          "attributes": {
            "access_log_settings": [],
            "arn": "arn:aws:apigateway:us-east-2::/restapis/8r0lke7wll/stages/test",
            "cache_cluster_enabled": false,
            "cache_cluster_size": "",
            "client_certificate_id": "",
            "deployment_id": "w268yw",
            "description": "",
            "documentation_version": "",
            "execution_arn": "arn:aws:execute-api:us-east-2:317127958808:8r0lke7wll/test",
            "id": "ags-8r0lke7wll-test",
            "invoke_url": "https://8r0lke7wll.execute-api.us-east-2.amazonaws.com/test",
            "rest_api_id": "8r0lke7wll",
            "stage_name": "test",
            "tags": {},
            "variables": {},
            "xray_tracing_enabled": true
          },
          "private": "bnVsbA==",
          "dependencies": [
            "aws_api_gateway_deployment.test",
            "aws_api_gateway_rest_api.test"
          ]
        }
      ]
    },
    {
      "mode": "managed",
      "type": "aws_dynamodb_table",
      "name": "applications-table",
      "provider": "provider[\"registry.terraform.io/hashicorp/aws\"]",
      "instances": [
        {
          "schema_version": 1,
          "attributes": {
            "arn": "arn:aws:dynamodb:us-east-2:317127958808:table/Applications",
            "attribute": [
              {
                "name": "applicationId",
                "type": "S"
              },
              {
                "name": "createdAt",
                "type": "S"
              }
            ],
            "billing_mode": "PROVISIONED",
            "global_secondary_index": [],
            "hash_key": "applicationId",
            "id": "Applications",
            "local_secondary_index": [],
            "name": "Applications",
            "point_in_time_recovery": [
              {
                "enabled": false
              }
            ],
            "range_key": "createdAt",
            "read_capacity": 2,
            "replica": [],
            "server_side_encryption": [],
            "stream_arn": "",
            "stream_enabled": false,
            "stream_label": "",
            "stream_view_type": "",
            "tags": {
              "Environment": "production",
              "Name": "applications-table"
            },
            "timeouts": null,
            "ttl": [
              {
                "attribute_name": "",
                "enabled": false
              }
            ],
            "write_capacity": 1
          },
          "private": "eyJlMmJmYjczMC1lY2FhLTExZTYtOGY4OC0zNDM2M2JjN2M0YzAiOnsiY3JlYXRlIjo2MDAwMDAwMDAwMDAsImRlbGV0ZSI6NjAwMDAwMDAwMDAwLCJ1cGRhdGUiOjM2MDAwMDAwMDAwMDB9LCJzY2hlbWFfdmVyc2lvbiI6IjEifQ=="
        }
      ]
    },
    {
      "mode": "managed",
      "type": "aws_iam_role",
      "name": "cloudwatch",
      "provider": "provider[\"registry.terraform.io/hashicorp/aws\"]",
      "instances": [
        {
          "schema_version": 0,
          "attributes": {
            "arn": "arn:aws:iam::317127958808:role/api_gateway_cloudwatch_global",
            "assume_role_policy": "{\"Version\":\"2012-10-17\",\"Statement\":[{\"Sid\":\"\",\"Effect\":\"Allow\",\"Principal\":{\"Service\":\"apigateway.amazonaws.com\"},\"Action\":\"sts:AssumeRole\"}]}",
            "create_date": "2020-11-01T08:22:16Z",
            "description": "",
            "force_detach_policies": false,
            "id": "api_gateway_cloudwatch_global",
            "max_session_duration": 3600,
            "name": "api_gateway_cloudwatch_global",
            "name_prefix": null,
            "path": "/",
            "permissions_boundary": null,
            "tags": {},
            "unique_id": "AROAUTVSMUEMD3EUT5WAB"
          },
          "private": "bnVsbA=="
        }
      ]
    },
    {
      "mode": "managed",
      "type": "aws_iam_role",
      "name": "iam_for_asyncFlow",
      "provider": "provider[\"registry.terraform.io/hashicorp/aws\"]",
      "instances": [
        {
          "schema_version": 0,
          "attributes": {
            "arn": "arn:aws:iam::317127958808:role/iam_for_asyncFlow",
            "assume_role_policy": "{\"Version\":\"2012-10-17\",\"Statement\":[{\"Sid\":\"\",\"Effect\":\"Allow\",\"Principal\":{\"Service\":\"lambda.amazonaws.com\"},\"Action\":\"sts:AssumeRole\"}]}",
            "create_date": "2020-10-13T16:27:58Z",
            "description": "",
            "force_detach_policies": false,
            "id": "iam_for_asyncFlow",
            "max_session_duration": 3600,
            "name": "iam_for_asyncFlow",
            "name_prefix": null,
            "path": "/",
            "permissions_boundary": null,
            "tags": {},
            "unique_id": "AROAUTVSMUEMCADULB5QX"
          },
          "private": "bnVsbA=="
        }
      ]
    },
    {
      "mode": "managed",
      "type": "aws_iam_role",
      "name": "iam_for_dbProxy",
      "provider": "provider[\"registry.terraform.io/hashicorp/aws\"]",
      "instances": [
        {
          "schema_version": 0,
          "attributes": {
            "arn": "arn:aws:iam::317127958808:role/iam_for_dbProxy",
            "assume_role_policy": "{\"Version\":\"2012-10-17\",\"Statement\":[{\"Sid\":\"\",\"Effect\":\"Allow\",\"Principal\":{\"Service\":\"lambda.amazonaws.com\"},\"Action\":\"sts:AssumeRole\"}]}",
            "create_date": "2020-10-21T14:11:23Z",
            "description": "",
            "force_detach_policies": false,
            "id": "iam_for_dbProxy",
            "max_session_duration": 3600,
            "name": "iam_for_dbProxy",
            "name_prefix": null,
            "path": "/",
            "permissions_boundary": null,
            "tags": {},
            "unique_id": "AROAUTVSMUEMESNSQCPEC"
          },
          "private": "bnVsbA=="
        }
      ]
    },
    {
      "mode": "managed",
      "type": "aws_iam_role",
      "name": "iam_for_flowMapper",
      "provider": "provider[\"registry.terraform.io/hashicorp/aws\"]",
      "instances": [
        {
          "schema_version": 0,
          "attributes": {
            "arn": "arn:aws:iam::317127958808:role/iam_for_flowMapper",
            "assume_role_policy": "{\"Version\":\"2012-10-17\",\"Statement\":[{\"Sid\":\"\",\"Effect\":\"Allow\",\"Principal\":{\"Service\":\"lambda.amazonaws.com\"},\"Action\":\"sts:AssumeRole\"}]}",
            "create_date": "2020-10-09T14:11:42Z",
            "description": "",
            "force_detach_policies": false,
            "id": "iam_for_flowMapper",
            "max_session_duration": 3600,
            "name": "iam_for_flowMapper",
            "name_prefix": null,
            "path": "/",
            "permissions_boundary": null,
            "tags": {},
            "unique_id": "AROAUTVSMUEMP5EP6EI7P"
          },
          "private": "bnVsbA=="
        }
      ]
    },
    {
      "mode": "managed",
      "type": "aws_iam_role",
      "name": "iam_for_middyTest",
      "provider": "provider[\"registry.terraform.io/hashicorp/aws\"]",
      "instances": [
        {
          "schema_version": 0,
          "attributes": {
            "arn": "arn:aws:iam::317127958808:role/iam_for_middyTest",
            "assume_role_policy": "{\"Version\":\"2012-10-17\",\"Statement\":[{\"Sid\":\"\",\"Effect\":\"Allow\",\"Principal\":{\"Service\":\"lambda.amazonaws.com\"},\"Action\":\"sts:AssumeRole\"}]}",
            "create_date": "2020-11-06T14:33:39Z",
            "description": "",
            "force_detach_policies": false,
            "id": "iam_for_middyTest",
            "max_session_duration": 3600,
            "name": "iam_for_middyTest",
            "name_prefix": null,
            "path": "/",
            "permissions_boundary": null,
            "tags": {},
            "unique_id": "AROAUTVSMUEMKIZQTNC6G"
          },
          "private": "bnVsbA=="
        }
      ]
    },
    {
      "mode": "managed",
      "type": "aws_iam_role",
      "name": "iam_for_sqsTrigger",
      "provider": "provider[\"registry.terraform.io/hashicorp/aws\"]",
      "instances": [
        {
          "schema_version": 0,
          "attributes": {
            "arn": "arn:aws:iam::317127958808:role/iam_for_sqsTrigger",
            "assume_role_policy": "{\"Version\":\"2012-10-17\",\"Statement\":[{\"Sid\":\"\",\"Effect\":\"Allow\",\"Principal\":{\"Service\":\"lambda.amazonaws.com\"},\"Action\":\"sts:AssumeRole\"}]}",
            "create_date": "2020-10-09T14:18:24Z",
            "description": "",
            "force_detach_policies": false,
            "id": "iam_for_sqsTrigger",
            "max_session_duration": 3600,
            "name": "iam_for_sqsTrigger",
            "name_prefix": null,
            "path": "/",
            "permissions_boundary": null,
            "tags": {},
            "unique_id": "AROAUTVSMUEMDSGUXGQME"
          },
          "private": "bnVsbA=="
        }
      ]
    },
    {
      "mode": "managed",
      "type": "aws_iam_role_policy",
      "name": "cloudwatch",
      "provider": "provider[\"registry.terraform.io/hashicorp/aws\"]",
      "instances": [
        {
          "schema_version": 0,
          "attributes": {
            "id": "api_gateway_cloudwatch_global:default",
            "name": "default",
            "name_prefix": null,
            "policy": "{\n    \"Version\": \"2012-10-17\",\n    \"Statement\": [\n        {\n            \"Effect\": \"Allow\",\n            \"Action\": [\n                \"logs:CreateLogGroup\",\n                \"logs:CreateLogStream\",\n                \"logs:DescribeLogGroups\",\n                \"logs:DescribeLogStreams\",\n                \"logs:PutLogEvents\",\n                \"logs:GetLogEvents\",\n                \"logs:FilterLogEvents\"\n            ],\n            \"Resource\": \"*\"\n        }\n    ]\n}\n",
            "role": "api_gateway_cloudwatch_global"
          },
          "private": "bnVsbA==",
          "dependencies": [
            "aws_iam_role.cloudwatch"
          ]
        }
      ]
    },
    {
      "mode": "managed",
      "type": "aws_iam_role_policy",
      "name": "iam_policy_asyncFlow",
      "provider": "provider[\"registry.terraform.io/hashicorp/aws\"]",
      "instances": [
        {
          "schema_version": 0,
          "attributes": {
            "id": "iam_for_asyncFlow:iam_policy_asyncFlow",
            "name": "iam_policy_asyncFlow",
            "name_prefix": null,
            "policy": "{\n  \"Version\": \"2012-10-17\",\n  \"Statement\": [\n    {\n        \"Effect\": \"Allow\",\n          \"Action\": [\n              \"logs:CreateLogGroup\",\n              \"logs:CreateLogStream\",\n              \"logs:PutLogEvents\"\n          ],\n          \"Resource\": \"*\"\n      },\n      {\n          \"Effect\": \"Allow\",\n          \"Action\": [\n              \"xray:PutTraceSegments\",\n              \"xray:PutTelemetryRecords\",\n              \"xray:GetSamplingRules\",\n              \"xray:GetSamplingTargets\",\n              \"xray:GetSamplingStatisticSummaries\"\n          ],\n          \"Resource\": [\n              \"*\"\n          ]\n      },\n      {\n    \"Sid\": \"Stmt1603206180406\",\n    \"Action\": [\n      \"lambda:InvokeAsync\",\n      \"lambda:InvokeFunction\"\n    ],\n    \"Effect\": \"Allow\",\n    \"Resource\": \"*\"\n  }\n  ]\n}\n",
            "role": "iam_for_asyncFlow"
          },
          "private": "bnVsbA==",
          "dependencies": [
            "aws_iam_role.iam_for_asyncFlow"
          ]
        }
      ]
    },
    {
      "mode": "managed",
      "type": "aws_iam_role_policy",
      "name": "iam_policy_dbProxy",
      "provider": "provider[\"registry.terraform.io/hashicorp/aws\"]",
      "instances": [
        {
          "schema_version": 0,
          "attributes": {
            "id": "iam_for_dbProxy:iam_policy_dbProxy",
            "name": "iam_policy_dbProxy",
            "name_prefix": null,
            "policy": "{\n  \"Version\": \"2012-10-17\",\n  \"Statement\": [\n    {\n        \"Effect\": \"Allow\",\n          \"Action\": [\n              \"logs:CreateLogGroup\",\n              \"logs:CreateLogStream\",\n              \"logs:PutLogEvents\"\n          ],\n          \"Resource\": \"*\"\n      },\n  {\n          \"Effect\": \"Allow\",\n          \"Action\": [\n              \"xray:PutTraceSegments\",\n              \"xray:PutTelemetryRecords\",\n              \"xray:GetSamplingRules\",\n              \"xray:GetSamplingTargets\",\n              \"xray:GetSamplingStatisticSummaries\"\n          ],\n          \"Resource\": [\n              \"*\"\n          ]\n      },\n      {\n    \"Sid\": \"Stmt1603289301449\",\n    \"Action\": [\n       \"dynamodb:DeleteItem\",\n      \"dynamodb:GetItem\",\n      \"dynamodb:PutItem\",\n      \"dynamodb:Query\",\n      \"dynamodb:UpdateItem\"\n    ],\n    \"Effect\": \"Allow\",\n    \"Resource\": \"*\"\n  }\n  ]\n}\n",
            "role": "iam_for_dbProxy"
          },
          "private": "bnVsbA==",
          "dependencies": [
            "aws_iam_role.iam_for_dbProxy"
          ]
        }
      ]
    },
    {
      "mode": "managed",
      "type": "aws_iam_role_policy",
      "name": "iam_policy_flowMapper",
      "provider": "provider[\"registry.terraform.io/hashicorp/aws\"]",
      "instances": [
        {
          "schema_version": 0,
          "attributes": {
            "id": "iam_for_flowMapper:iam_policy_flowMapper",
            "name": "iam_policy_flowMapper",
            "name_prefix": null,
            "policy": "{\n  \"Version\": \"2012-10-17\",\n  \"Statement\": [\n    {\n        \"Effect\": \"Allow\",\n          \"Action\": [\n              \"logs:CreateLogGroup\",\n              \"logs:CreateLogStream\",\n              \"logs:PutLogEvents\"\n          ],\n          \"Resource\": \"*\"\n      },\n      {\n    \"Sid\": \"Stmt1602258244504\",\n    \"Action\": [\n      \"sqs:SendMessage\",\n      \"sqs:SendMessageBatch\"\n    ],\n    \"Effect\": \"Allow\",\n    \"Resource\": \"*\"\n  },\n  {\n          \"Effect\": \"Allow\",\n          \"Action\": [\n              \"xray:PutTraceSegments\",\n              \"xray:PutTelemetryRecords\",\n              \"xray:GetSamplingRules\",\n              \"xray:GetSamplingTargets\",\n              \"xray:GetSamplingStatisticSummaries\"\n          ],\n          \"Resource\": [\n              \"*\"\n          ]\n      }\n  ]\n}\n",
            "role": "iam_for_flowMapper"
          },
          "private": "bnVsbA==",
          "dependencies": [
            "aws_iam_role.iam_for_flowMapper"
          ]
        }
      ]
    },
    {
      "mode": "managed",
      "type": "aws_iam_role_policy",
      "name": "iam_policy_middyTest",
      "provider": "provider[\"registry.terraform.io/hashicorp/aws\"]",
      "instances": [
        {
          "schema_version": 0,
          "attributes": {
            "id": "iam_for_middyTest:iam_policy_middyTest",
            "name": "iam_policy_middyTest",
            "name_prefix": null,
            "policy": "{\n  \"Version\": \"2012-10-17\",\n  \"Statement\": [\n    {\n        \"Effect\": \"Allow\",\n          \"Action\": [\n              \"logs:CreateLogGroup\",\n              \"logs:CreateLogStream\",\n              \"logs:PutLogEvents\"\n          ],\n          \"Resource\": \"*\"\n      },\n      {\n    \"Sid\": \"Stmt1602258244504\",\n    \"Action\": [\n      \"sqs:SendMessage\",\n      \"sqs:SendMessageBatch\"\n    ],\n    \"Effect\": \"Allow\",\n    \"Resource\": \"*\"\n  },\n  {\n          \"Effect\": \"Allow\",\n          \"Action\": [\n              \"xray:PutTraceSegments\",\n              \"xray:PutTelemetryRecords\",\n              \"xray:GetSamplingRules\",\n              \"xray:GetSamplingTargets\",\n              \"xray:GetSamplingStatisticSummaries\"\n          ],\n          \"Resource\": [\n              \"*\"\n          ]\n      }\n  ]\n}\n",
            "role": "iam_for_middyTest"
          },
          "private": "bnVsbA==",
          "dependencies": [
            "aws_iam_role.iam_for_middyTest"
          ]
        }
      ]
    },
    {
      "mode": "managed",
      "type": "aws_iam_role_policy",
      "name": "iam_policy_sqsTrigger",
      "provider": "provider[\"registry.terraform.io/hashicorp/aws\"]",
      "instances": [
        {
          "schema_version": 0,
          "attributes": {
            "id": "iam_for_sqsTrigger:iam_policy_sqsTrigger",
            "name": "iam_policy_sqsTrigger",
            "name_prefix": null,
            "policy": "{\n  \"Version\": \"2012-10-17\",\n  \"Statement\": [\n    {\n        \"Effect\": \"Allow\",\n          \"Action\": [\n              \"logs:CreateLogGroup\",\n              \"logs:CreateLogStream\",\n              \"logs:PutLogEvents\"\n          ],\n          \"Resource\": \"*\"\n      },\n     {\n    \"Sid\": \"Stmt1602260999597\",\n    \"Action\": [\n     \"sqs:DeleteMessage\",\n      \"sqs:DeleteMessageBatch\",\n      \"sqs:GetQueueAttributes\",\n      \"sqs:GetQueueUrl\",\n      \"sqs:ReceiveMessage\"\n    ],\n    \"Effect\": \"Allow\",\n    \"Resource\": \"*\"\n  },\n  {\n    \"Sid\": \"Stmt1603206180406\",\n    \"Action\": [\n      \"lambda:InvokeAsync\",\n      \"lambda:InvokeFunction\"\n    ],\n    \"Effect\": \"Allow\",\n    \"Resource\": \"*\"\n  },\n  {\n          \"Effect\": \"Allow\",\n          \"Action\": [\n              \"xray:PutTraceSegments\",\n              \"xray:PutTelemetryRecords\",\n              \"xray:GetSamplingRules\",\n              \"xray:GetSamplingTargets\",\n              \"xray:GetSamplingStatisticSummaries\"\n          ],\n          \"Resource\": [\n              \"*\"\n          ]\n      }\n  ]\n}\n",
            "role": "iam_for_sqsTrigger"
          },
          "private": "bnVsbA==",
          "dependencies": [
            "aws_iam_role.iam_for_sqsTrigger"
          ]
        }
      ]
    },
    {
      "mode": "managed",
      "type": "aws_lambda_function",
      "name": "asyncFlow",
      "provider": "provider[\"registry.terraform.io/hashicorp/aws\"]",
      "instances": [
        {
          "schema_version": 0,
          "attributes": {
            "arn": "arn:aws:lambda:us-east-2:317127958808:function:asyncFlow",
            "dead_letter_config": [],
            "description": "",
            "environment": [
              {
                "variables": {
                  "foo": "bar"
                }
              }
            ],
            "file_system_config": [],
            "filename": "../lambdas/flows/asyncFlow/asyncFlow.zip",
            "function_name": "asyncFlow",
            "handler": "index.handler",
            "id": "asyncFlow",
            "invoke_arn": "arn:aws:apigateway:us-east-2:lambda:path/2015-03-31/functions/arn:aws:lambda:us-east-2:317127958808:function:asyncFlow/invocations",
            "kms_key_arn": "",
            "last_modified": "2021-01-03T14:06:44.528+0000",
            "layers": [],
            "memory_size": 128,
            "publish": false,
            "qualified_arn": "arn:aws:lambda:us-east-2:317127958808:function:asyncFlow:$LATEST",
            "reserved_concurrent_executions": -1,
            "role": "arn:aws:iam::317127958808:role/iam_for_asyncFlow",
            "runtime": "nodejs12.x",
            "s3_bucket": null,
            "s3_key": null,
            "s3_object_version": null,
            "source_code_hash": "DEY6HLf+PyQj0nY7Ymk7p4+IPCZRBmJ1/3YAaQLVl1Q=",
            "source_code_size": 406763,
            "tags": {},
            "timeout": 3,
            "timeouts": null,
            "tracing_config": [
              {
                "mode": "Active"
              }
            ],
            "version": "$LATEST",
            "vpc_config": []
          },
          "private": "eyJlMmJmYjczMC1lY2FhLTExZTYtOGY4OC0zNDM2M2JjN2M0YzAiOnsiY3JlYXRlIjo2MDAwMDAwMDAwMDB9fQ==",
          "dependencies": [
            "aws_iam_role.iam_for_asyncFlow"
          ]
        }
      ]
    },
    {
      "mode": "managed",
      "type": "aws_lambda_function",
      "name": "dbProxy",
      "provider": "provider[\"registry.terraform.io/hashicorp/aws\"]",
      "instances": [
        {
          "schema_version": 0,
          "attributes": {
            "arn": "arn:aws:lambda:us-east-2:317127958808:function:dbProxy",
            "dead_letter_config": [],
            "description": "",
            "environment": [
              {
                "variables": {
                  "foo": "bar"
                }
              }
            ],
            "file_system_config": [],
            "filename": "../lambdas/dbProxy/dbProxy.zip",
            "function_name": "dbProxy",
            "handler": "index.handler",
            "id": "dbProxy",
            "invoke_arn": "arn:aws:apigateway:us-east-2:lambda:path/2015-03-31/functions/arn:aws:lambda:us-east-2:317127958808:function:dbProxy/invocations",
            "kms_key_arn": "",
            "last_modified": "2021-01-03T14:06:33.361+0000",
            "layers": [],
            "memory_size": 128,
            "publish": false,
            "qualified_arn": "arn:aws:lambda:us-east-2:317127958808:function:dbProxy:$LATEST",
            "reserved_concurrent_executions": -1,
            "role": "arn:aws:iam::317127958808:role/iam_for_dbProxy",
            "runtime": "nodejs12.x",
            "s3_bucket": null,
            "s3_key": null,
            "s3_object_version": null,
            "source_code_hash": "yZS6gNIbOMgr07WaC0SBpIbN0WC8MBWyOhLyLYOrErE=",
            "source_code_size": 1213128,
            "tags": {},
            "timeout": 3,
            "timeouts": null,
            "tracing_config": [
              {
                "mode": "Active"
              }
            ],
            "version": "$LATEST",
            "vpc_config": []
          },
          "private": "eyJlMmJmYjczMC1lY2FhLTExZTYtOGY4OC0zNDM2M2JjN2M0YzAiOnsiY3JlYXRlIjo2MDAwMDAwMDAwMDB9fQ==",
          "dependencies": [
            "aws_iam_role.iam_for_dbProxy"
          ]
        }
      ]
    },
    {
      "mode": "managed",
      "type": "aws_lambda_function",
      "name": "flowMapper",
      "provider": "provider[\"registry.terraform.io/hashicorp/aws\"]",
      "instances": [
        {
          "schema_version": 0,
          "attributes": {
            "arn": "arn:aws:lambda:us-east-2:317127958808:function:flowMapper",
            "dead_letter_config": [],
            "description": "",
            "environment": [
              {
                "variables": {
                  "foo": "bar"
                }
              }
            ],
            "file_system_config": [],
            "filename": "../lambdas/flowMapper/flowMapper.zip",
            "function_name": "flowMapper",
            "handler": "index.handler",
            "id": "flowMapper",
            "invoke_arn": "arn:aws:apigateway:us-east-2:lambda:path/2015-03-31/functions/arn:aws:lambda:us-east-2:317127958808:function:flowMapper/invocations",
            "kms_key_arn": "",
            "last_modified": "2021-01-03T14:07:21.042+0000",
            "layers": [],
            "memory_size": 128,
            "publish": false,
            "qualified_arn": "arn:aws:lambda:us-east-2:317127958808:function:flowMapper:$LATEST",
            "reserved_concurrent_executions": -1,
            "role": "arn:aws:iam::317127958808:role/iam_for_flowMapper",
            "runtime": "nodejs12.x",
            "s3_bucket": null,
            "s3_key": null,
            "s3_object_version": null,
            "source_code_hash": "ayIB6QrEovsEHr8P8Cy8gqygZjqtHpDf2UyW33XAqWg=",
            "source_code_size": 1152413,
            "tags": {},
            "timeout": 3,
            "timeouts": null,
            "tracing_config": [
              {
                "mode": "Active"
              }
            ],
            "version": "$LATEST",
            "vpc_config": []
          },
          "private": "eyJlMmJmYjczMC1lY2FhLTExZTYtOGY4OC0zNDM2M2JjN2M0YzAiOnsiY3JlYXRlIjo2MDAwMDAwMDAwMDB9fQ==",
          "dependencies": [
            "aws_iam_role.iam_for_flowMapper"
          ]
        }
      ]
    },
    {
      "mode": "managed",
      "type": "aws_lambda_function",
      "name": "middyTest",
      "provider": "provider[\"registry.terraform.io/hashicorp/aws\"]",
      "instances": [
        {
          "schema_version": 0,
          "attributes": {
            "arn": "arn:aws:lambda:us-east-2:317127958808:function:middyTest",
            "dead_letter_config": [],
            "description": "",
            "environment": [
              {
                "variables": {
                  "foo": "bar"
                }
              }
            ],
            "file_system_config": [],
            "filename": "../lambdas/flows/middyTest/middyTest.zip",
            "function_name": "middyTest",
            "handler": "index.handler",
            "id": "middyTest",
            "invoke_arn": "arn:aws:apigateway:us-east-2:lambda:path/2015-03-31/functions/arn:aws:lambda:us-east-2:317127958808:function:middyTest/invocations",
            "kms_key_arn": "",
            "last_modified": "2021-01-03T14:06:07.527+0000",
            "layers": [],
            "memory_size": 128,
            "publish": false,
            "qualified_arn": "arn:aws:lambda:us-east-2:317127958808:function:middyTest:$LATEST",
            "reserved_concurrent_executions": -1,
            "role": "arn:aws:iam::317127958808:role/iam_for_middyTest",
            "runtime": "nodejs12.x",
            "s3_bucket": null,
            "s3_key": null,
            "s3_object_version": null,
            "source_code_hash": "wUTe9E4jT9R8ZAM9t2z50bvgfpKufgnaIPm+EA3sGYk=",
            "source_code_size": 597197,
            "tags": {},
            "timeout": 3,
            "timeouts": null,
            "tracing_config": [
              {
                "mode": "Active"
              }
            ],
            "version": "$LATEST",
            "vpc_config": []
          },
          "private": "eyJlMmJmYjczMC1lY2FhLTExZTYtOGY4OC0zNDM2M2JjN2M0YzAiOnsiY3JlYXRlIjo2MDAwMDAwMDAwMDB9fQ==",
          "dependencies": [
            "aws_iam_role.iam_for_middyTest"
          ]
        }
      ]
    },
    {
      "mode": "managed",
      "type": "aws_lambda_function",
      "name": "sqsTrigger",
      "provider": "provider[\"registry.terraform.io/hashicorp/aws\"]",
      "instances": [
        {
          "schema_version": 0,
          "attributes": {
            "arn": "arn:aws:lambda:us-east-2:317127958808:function:sqsTrigger",
            "dead_letter_config": [],
            "description": "",
            "environment": [],
            "file_system_config": [],
            "filename": "../lambdas/sqsTrigger/sqsTrigger.zip",
            "function_name": "sqsTrigger",
            "handler": "index.handler",
            "id": "sqsTrigger",
            "invoke_arn": "arn:aws:apigateway:us-east-2:lambda:path/2015-03-31/functions/arn:aws:lambda:us-east-2:317127958808:function:sqsTrigger/invocations",
            "kms_key_arn": "",
            "last_modified": "2021-01-03T14:06:56.477+0000",
            "layers": [],
            "memory_size": 128,
            "publish": false,
            "qualified_arn": "arn:aws:lambda:us-east-2:317127958808:function:sqsTrigger:$LATEST",
            "reserved_concurrent_executions": -1,
            "role": "arn:aws:iam::317127958808:role/iam_for_sqsTrigger",
            "runtime": "nodejs12.x",
            "s3_bucket": null,
            "s3_key": null,
            "s3_object_version": null,
            "source_code_hash": "kOscgHMP83XkQfQTh2+lX9nsN8/NACGsg9dNYDdv7VM=",
            "source_code_size": 407538,
            "tags": {},
            "timeout": 3,
            "timeouts": null,
            "tracing_config": [
              {
                "mode": "Active"
              }
            ],
            "version": "$LATEST",
            "vpc_config": []
          },
          "private": "eyJlMmJmYjczMC1lY2FhLTExZTYtOGY4OC0zNDM2M2JjN2M0YzAiOnsiY3JlYXRlIjo2MDAwMDAwMDAwMDB9fQ==",
          "dependencies": [
            "aws_iam_role.iam_for_sqsTrigger"
          ]
        }
      ]
    },
    {
      "mode": "managed",
      "type": "aws_lambda_permission",
      "name": "apigw",
      "provider": "provider[\"registry.terraform.io/hashicorp/aws\"]",
      "instances": [
        {
          "schema_version": 0,
          "attributes": {
            "action": "lambda:InvokeFunction",
            "event_source_token": null,
            "function_name": "flowMapper",
            "id": "AllowAPIGatewayInvoke",
            "principal": "apigateway.amazonaws.com",
            "qualifier": "",
            "source_account": null,
            "source_arn": "arn:aws:execute-api:us-east-2:317127958808:8r0lke7wll/*/*",
            "statement_id": "AllowAPIGatewayInvoke",
            "statement_id_prefix": null
          },
          "private": "bnVsbA==",
          "dependencies": [
            "aws_api_gateway_rest_api.test",
            "aws_lambda_function.flowMapper"
          ]
        }
      ]
    },
    {
      "mode": "managed",
      "type": "aws_sqs_queue",
      "name": "flow_deadletter_queue",
      "provider": "provider[\"registry.terraform.io/hashicorp/aws\"]",
      "instances": [
        {
          "schema_version": 0,
          "attributes": {
            "arn": "arn:aws:sqs:us-east-2:317127958808:flow-deadletter-queue",
            "content_based_deduplication": false,
            "delay_seconds": 0,
            "fifo_queue": false,
            "id": "https://sqs.us-east-2.amazonaws.com/317127958808/flow-deadletter-queue",
            "kms_data_key_reuse_period_seconds": 300,
            "kms_master_key_id": "",
            "max_message_size": 2048,
            "message_retention_seconds": 86400,
            "name": "flow-deadletter-queue",
            "name_prefix": null,
            "policy": "",
            "receive_wait_time_seconds": 10,
            "redrive_policy": "",
            "tags": {
              "Environment": "dev"
            },
            "visibility_timeout_seconds": 30
          },
          "private": "bnVsbA=="
        }
      ]
    },
    {
      "mode": "managed",
      "type": "aws_sqs_queue",
      "name": "flow_queue",
      "provider": "provider[\"registry.terraform.io/hashicorp/aws\"]",
      "instances": [
        {
          "schema_version": 0,
          "attributes": {
            "arn": "arn:aws:sqs:us-east-2:317127958808:flow-queue",
            "content_based_deduplication": false,
            "delay_seconds": 0,
            "fifo_queue": false,
            "id": "https://sqs.us-east-2.amazonaws.com/317127958808/flow-queue",
            "kms_data_key_reuse_period_seconds": 300,
            "kms_master_key_id": "",
            "max_message_size": 2048,
            "message_retention_seconds": 86400,
            "name": "flow-queue",
            "name_prefix": null,
            "policy": "",
            "receive_wait_time_seconds": 20,
            "redrive_policy": "{\"deadLetterTargetArn\":\"arn:aws:sqs:us-east-2:317127958808:flow-deadletter-queue\",\"maxReceiveCount\":4}",
            "tags": {
              "Environment": "dev"
            },
            "visibility_timeout_seconds": 30
          },
          "private": "bnVsbA==",
          "dependencies": [
            "aws_sqs_queue.flow_deadletter_queue"
          ]
        }
      ]
    }
  ]
}
